{
    __meta__ = {
        version = "1.0"
    },
    ["windows|x64"] = {
        ["cmake#f56260b5"] = {
            repo = {
                branch = "master",
                commit = "e71c0ba9b76bcfe6e7085f54de73e08908988112",
                url = "https://github.com/xmake-io/xmake-repo.git"
            },
            version = "3.31.6-msvc6"
        },
        ["ninja#f56260b5"] = {
            repo = {
                branch = "master",
                commit = "e71c0ba9b76bcfe6e7085f54de73e08908988112",
                url = "https://github.com/xmake-io/xmake-repo.git"
            },
            version = "1.12.1"
        },
        ["spdlog#09c8c173"] = {
            repo = {
                branch = "master",
                commit = "76ad497b3bbb32af50ae3b7d2736597ed131512f",
                url = "https://github.com/xmake-io/xmake-repo.git"
            },
            version = "v1.16.0"
        },
        ["toml11#f56260b5"] = {
            repo = {
                branch = "master",
                commit = "d557ccb28de6284dff4e7a174e1681f5b386c2d5",
                url = "https://github.com/xmake-io/xmake-repo.git"
            },
            version = "v4.4.0"
        }
    }
}